
Microsoft Visual Studio Solution File, Format Version 12.00
# Visual Studio Version 17
VisualStudioVersion = 17.9.34902.65
MinimumVisualStudioVersion = 10.0.40219.1
Project("{9A19103F-16F7-4668-BE54-9A1E7A4F7556}") = "dz-45", "dz-45.csproj", "{AA7B99CD-D770-4350-A6A4-5DFE7A34DA43}"
EndProject
Global
	GlobalSection(SolutionConfigurationPlatforms) = preSolution
		Debug|Any CPU = Debug|Any CPU
		Release|Any CPU = Release|Any CPU
	EndGlobalSection
	GlobalSection(ProjectConfigurationPlatforms) = postSolution
		{AA7B99CD-D770-4350-A6A4-5DFE7A34DA43}.Debug|Any CPU.ActiveCfg = Debug|Any CPU
		{AA7B99CD-D770-4350-A6A4-5DFE7A34DA43}.Debug|Any CPU.Build.0 = Debug|Any CPU
		{AA7B99CD-D770-4350-A6A4-5DFE7A34DA43}.Release|Any CPU.ActiveCfg = Release|Any CPU
		{AA7B99CD-D770-4350-A6A4-5DFE7A34DA43}.Release|Any CPU.Build.0 = Release|Any CPU
	EndGlobalSection
	GlobalSection(SolutionProperties) = preSolution
		HideSolutionNode = FALSE
	EndGlobalSection
	GlobalSection(ExtensibilityGlobals) = postSolution
		SolutionGuid = {471F5A18-EC22-4A8E-BFA8-36E545C9D5C8}
	EndGlobalSection
EndGlobal
